
Microsoft Visual Studio Solution File, Format Version 12.00
# Visual Studio 15
VisualStudioVersion = 15.0.27130.2010
MinimumVisualStudioVersion = 10.0.40219.1
Project("{FAE04EC0-301F-11D3-BF4B-00C04F79EFBC}") = "Visual_laba1", "Visual_laba1\Visual_laba1.csproj", "{CDE7F719-1C45-45EB-BBF5-F7376BD71EDA}"
EndProject
Global
	GlobalSection(SolutionConfigurationPlatforms) = preSolution
		Debug|Any CPU = Debug|Any CPU
		Release|Any CPU = Release|Any CPU
	EndGlobalSection
	GlobalSection(ProjectConfigurationPlatforms) = postSolution
		{CDE7F719-1C45-45EB-BBF5-F7376BD71EDA}.Debug|Any CPU.ActiveCfg = Debug|Any CPU
		{CDE7F719-1C45-45EB-BBF5-F7376BD71EDA}.Debug|Any CPU.Build.0 = Debug|Any CPU
		{CDE7F719-1C45-45EB-BBF5-F7376BD71EDA}.Release|Any CPU.ActiveCfg = Release|Any CPU
		{CDE7F719-1C45-45EB-BBF5-F7376BD71EDA}.Release|Any CPU.Build.0 = Release|Any CPU
	EndGlobalSection
	GlobalSection(SolutionProperties) = preSolution
		HideSolutionNode = FALSE
	EndGlobalSection
	GlobalSection(ExtensibilityGlobals) = postSolution
		SolutionGuid = {0128DEAA-2C6B-4735-8529-6E644EBC2CF8}
	EndGlobalSection
EndGlobal
